{
  "name": "yy-input",
  "version": "1.3.0",
  "lockfileVersion": 1,
  "requires": true,
  "dependencies": {
    "eventemitter3": {
      "version": "2.0.3",
      "resolved": "https://registry.npmjs.org/eventemitter3/-/eventemitter3-2.0.3.tgz",
      "integrity": "sha1-teEHm1n7XhuidxwKmTvgYKWMmbo="
    },
    "fork-me-github": {
      "version": "1.0.3",
      "resolved": "https://registry.npmjs.org/fork-me-github/-/fork-me-github-1.0.3.tgz",
      "integrity": "sha512-Cuwgeov/RXIGgfdHwC6OA6hJ+4bHe2eFQOreydHvrLSgzsV9+x/+yUV0Rs/ejEoSlhuNMMOLzAJrxng6YbSXPg==",
      "dev": true
    },
    "highlight.js": {
      "version": "9.12.0",
      "resolved": "https://registry.npmjs.org/highlight.js/-/highlight.js-9.12.0.tgz",
      "integrity": "sha1-5tnb5Xy+/mB1HwKvM2GVhwyQwB4=",
      "dev": true
    },
    "penner": {
      "version": "0.1.3",
      "resolved": "https://registry.npmjs.org/penner/-/penner-0.1.3.tgz",
      "integrity": "sha1-C4tILU6bOa8vPXw3WSIpuKzClwU="
    },
    "pixi-ease": {
      "version": "0.11.0",
      "resolved": "https://registry.npmjs.org/pixi-ease/-/pixi-ease-0.11.0.tgz",
      "integrity": "sha512-6oiSFxtu+oKEQA8vVOVabLj5NpMBTqRYzqWa7TtVg9b5jgEAHSyasN0DKOlZVciBsnjFzh/nKiVg0YZfSRLdNg==",
      "requires": {
        "eventemitter3": "2.0.3",
        "penner": "0.1.3",
        "yy-angle": "1.2.0",
        "yy-color": "1.0.7",
        "yy-loop": "0.1.3"
      }
    },
    "seedrandom": {
      "version": "2.4.3",
      "resolved": "https://registry.npmjs.org/seedrandom/-/seedrandom-2.4.3.tgz",
      "integrity": "sha1-JDhQTa0zkXMUv/GKxNeU8W1qrsw="
    },
    "yy-angle": {
      "version": "1.2.0",
      "resolved": "https://registry.npmjs.org/yy-angle/-/yy-angle-1.2.0.tgz",
      "integrity": "sha512-Sf311F5zlItZA0dH/mD3MMG6mIIo1b+9XsFqpLhKCTqFFUL4ip+XWTaQLWLRDkh/Ag0GzAsGt6rWcq61OU9+zQ=="
    },
    "yy-color": {
      "version": "1.0.7",
      "resolved": "https://registry.npmjs.org/yy-color/-/yy-color-1.0.7.tgz",
      "integrity": "sha1-P5IxiCQ/q8zqJNNy9Li24wk8Zak=",
      "requires": {
        "yy-random": "1.6.0"
      }
    },
    "yy-loop": {
      "version": "0.1.3",
      "resolved": "https://registry.npmjs.org/yy-loop/-/yy-loop-0.1.3.tgz",
      "integrity": "sha512-ULaagNUaY/eLS8QldK8180qLzGMGDJ7qXVP6Fm8tyMk5SExspalhXDQ6n/w90QqOv/BH/vrl9yx4mk9q6ePgeA==",
      "requires": {
        "eventemitter3": "2.0.3"
      }
    },
    "yy-random": {
      "version": "1.6.0",
      "resolved": "https://registry.npmjs.org/yy-random/-/yy-random-1.6.0.tgz",
      "integrity": "sha512-oMIO8eo4BVed+o8NDMGj9scboHWBFtOdip1oDpXhxYw3A03lYqDqtlwPLg8SOK0q95Fsdzj9EdCQMWFWRk3p7A==",
      "requires": {
        "seedrandom": "2.4.3"
      }
    }
  }
}
